<?xml version="1.0" encoding="utf-8"?>
<Project ToolsVersion="4.0" xmlns="http://schemas.microsoft.com/developer/msbuild/2003">
  <ItemGroup>
    <Filter Include="Source Files">
      <UniqueIdentifier>{8f6e4511-4af5-46a2-a2a4-08fa4eb14c6d}</UniqueIdentifier>
      <Extensions>cpp;c;cxx;rc;def;r;odl;idl;hpj;bat</Extensions>
    </Filter>
    <Filter Include="Header Files">
      <UniqueIdentifier>{56653a05-9d2f-41af-9786-68312fe1e127}</UniqueIdentifier>
      <Extensions>h;hpp;hxx;hm;inl</Extensions>
    </Filter>
    <Filter Include="Resource Files">
      <UniqueIdentifier>{9192491b-4b17-4ed1-94ca-bcdff036d141}</UniqueIdentifier>
      <Extensions>ico;cur;bmp;dlg;rc2;rct;bin;cnt;rtf;gif;jpg;jpeg;jpe</Extensions>
    </Filter>
  </ItemGroup>
  <ItemGroup>
    <ClCompile Include="Adsr.cpp">
      <Filter>Source Files</Filter>
    </ClCompile>
    <ClCompile Include="Asr.cpp">
      <Filter>Source Files</Filter>
    </ClCompile>
    <ClCompile Include="BrowseForFolder.cpp">
      <Filter>Source Files</Filter>
    </ClCompile>
    <ClCompile Include="CurveEditCtrl.cpp">
      <Filter>Source Files</Filter>
    </ClCompile>
    <ClCompile Include="DCBlock.cpp">
      <Filter>Source Files</Filter>
    </ClCompile>
    <ClCompile Include="DLineL.cpp">
      <Filter>Source Files</Filter>
    </ClCompile>
    <ClCompile Include="EnvExp.cpp">
      <Filter>Source Files</Filter>
    </ClCompile>
    <ClCompile Include="ExcitationPropPage.cpp">
      <Filter>Source Files</Filter>
    </ClCompile>
    <ClCompile Include="FFT.cpp">
      <Filter>Source Files</Filter>
    </ClCompile>
    <ClCompile Include="FftEditCtrl.cpp">
      <Filter>Source Files</Filter>
    </ClCompile>
    <ClCompile Include="FilesPropPage.cpp">
      <Filter>Source Files</Filter>
    </ClCompile>
    <ClCompile Include="Filter.cpp">
      <Filter>Source Files</Filter>
    </ClCompile>
    <ClCompile Include="FirstPropPage.cpp">
      <Filter>Source Files</Filter>
    </ClCompile>
    <ClCompile Include="GUI.cpp">
      <Filter>Source Files</Filter>
    </ClCompile>
    <ClCompile Include="GUIDlg.cpp">
      <Filter>Source Files</Filter>
    </ClCompile>
    <ClCompile Include="HyperLink.cpp">
      <Filter>Source Files</Filter>
    </ClCompile>
    <ClCompile Include="JetTable.cpp">
      <Filter>Source Files</Filter>
    </ClCompile>
    <ClCompile Include="Junction.cpp">
      <Filter>Source Files</Filter>
    </ClCompile>
    <ClCompile Include="LinearPropPage.cpp">
      <Filter>Source Files</Filter>
    </ClCompile>
    <ClCompile Include="LoopWave.cpp">
      <Filter>Source Files</Filter>
    </ClCompile>
    <ClCompile Include="Model.cpp">
      <Filter>Source Files</Filter>
    </ClCompile>
    <ClCompile Include="Noise.cpp">
      <Filter>Source Files</Filter>
    </ClCompile>
    <ClCompile Include="NonLinearPropPage.cpp">
      <Filter>Source Files</Filter>
    </ClCompile>
    <ClCompile Include="OnePole.cpp">
      <Filter>Source Files</Filter>
    </ClCompile>
    <ClCompile Include="OneZero.cpp">
      <Filter>Source Files</Filter>
    </ClCompile>
    <ClCompile Include="OrganPipeModel.cpp">
      <Filter>Source Files</Filter>
    </ClCompile>
    <ClCompile Include="OtherPropPage.cpp">
      <Filter>Source Files</Filter>
    </ClCompile>
    <ClCompile Include="OutputPropPage.cpp">
      <Filter>Source Files</Filter>
    </ClCompile>
    <ClCompile Include="PipeEditCtrl.cpp">
      <Filter>Source Files</Filter>
    </ClCompile>
    <ClCompile Include="PipeEditCtrl2.cpp">
      <Filter>Source Files</Filter>
    </ClCompile>
    <ClCompile Include="Polynomial.cpp">
      <Filter>Source Files</Filter>
    </ClCompile>
    <ClCompile Include="ReedTable.cpp">
      <Filter>Source Files</Filter>
    </ClCompile>
    <ClCompile Include="SBDestination.cpp">
      <Filter>Source Files</Filter>
    </ClCompile>
    <ClCompile Include="SpectrumPropPage.cpp">
      <Filter>Source Files</Filter>
    </ClCompile>
    <ClCompile Include="StdAfx.cpp">
      <Filter>Source Files</Filter>
    </ClCompile>
    <ClCompile Include="TKObject.cpp">
      <Filter>Source Files</Filter>
    </ClCompile>
    <ClCompile Include="ToneHoleFilter.cpp">
      <Filter>Source Files</Filter>
    </ClCompile>
    <ClCompile Include="ToneHoleJunction.cpp">
      <Filter>Source Files</Filter>
    </ClCompile>
    <ClCompile Include="TubeSection.cpp">
      <Filter>Source Files</Filter>
    </ClCompile>
    <ClCompile Include="TwoZero.cpp">
      <Filter>Source Files</Filter>
    </ClCompile>
    <ClCompile Include="WaveEditCtrl.cpp">
      <Filter>Source Files</Filter>
    </ClCompile>
    <ClCompile Include="WaveEditCtrlEx.cpp">
      <Filter>Source Files</Filter>
    </ClCompile>
    <ClCompile Include="WaveFormPropPage.cpp">
      <Filter>Source Files</Filter>
    </ClCompile>
    <ClCompile Include="WavFileOut.cpp">
      <Filter>Source Files</Filter>
    </ClCompile>
  </ItemGroup>
  <ItemGroup>
    <ResourceCompile Include="GUI.rc">
      <Filter>Source Files</Filter>
    </ResourceCompile>
  </ItemGroup>
  <ItemGroup>
    <ClInclude Include="AboutDlg.h">
      <Filter>Header Files</Filter>
    </ClInclude>
    <ClInclude Include="Adsr.h">
      <Filter>Header Files</Filter>
    </ClInclude>
    <ClInclude Include="Asr.h">
      <Filter>Header Files</Filter>
    </ClInclude>
    <ClInclude Include="BrowseForFolder.h">
      <Filter>Header Files</Filter>
    </ClInclude>
    <ClInclude Include="CurveEditCtrl.h">
      <Filter>Header Files</Filter>
    </ClInclude>
    <ClInclude Include="DCBlock.h">
      <Filter>Header Files</Filter>
    </ClInclude>
    <ClInclude Include="DLineL.h">
      <Filter>Header Files</Filter>
    </ClInclude>
    <ClInclude Include="EnvExp.h">
      <Filter>Header Files</Filter>
    </ClInclude>
    <ClInclude Include="ExcitationPropPage.h">
      <Filter>Header Files</Filter>
    </ClInclude>
    <ClInclude Include="FFT.h">
      <Filter>Header Files</Filter>
    </ClInclude>
    <ClInclude Include="FftEditCtrl.h">
      <Filter>Header Files</Filter>
    </ClInclude>
    <ClInclude Include="FilesPropPage.h">
      <Filter>Header Files</Filter>
    </ClInclude>
    <ClInclude Include="Filter.h">
      <Filter>Header Files</Filter>
    </ClInclude>
    <ClInclude Include="FirstPropPage.h">
      <Filter>Header Files</Filter>
    </ClInclude>
    <ClInclude Include="GUI.h">
      <Filter>Header Files</Filter>
    </ClInclude>
    <ClInclude Include="GUIDlg.h">
      <Filter>Header Files</Filter>
    </ClInclude>
    <ClInclude Include="HyperLink.h">
      <Filter>Header Files</Filter>
    </ClInclude>
    <ClInclude Include="JetTable.h">
      <Filter>Header Files</Filter>
    </ClInclude>
    <ClInclude Include="Junction.h">
      <Filter>Header Files</Filter>
    </ClInclude>
    <ClInclude Include="LinearPropPage.h">
      <Filter>Header Files</Filter>
    </ClInclude>
    <ClInclude Include="LoopWave.h">
      <Filter>Header Files</Filter>
    </ClInclude>
    <ClInclude Include="Model.h">
      <Filter>Header Files</Filter>
    </ClInclude>
    <ClInclude Include="Noise.h">
      <Filter>Header Files</Filter>
    </ClInclude>
    <ClInclude Include="NonLinearPropPage.h">
      <Filter>Header Files</Filter>
    </ClInclude>
    <ClInclude Include="OnePole.h">
      <Filter>Header Files</Filter>
    </ClInclude>
    <ClInclude Include="OneZero.h">
      <Filter>Header Files</Filter>
    </ClInclude>
    <ClInclude Include="OrganPipeModel.h">
      <Filter>Header Files</Filter>
    </ClInclude>
    <ClInclude Include="OtherPropPage.h">
      <Filter>Header Files</Filter>
    </ClInclude>
    <ClInclude Include="OutputPropPage.h">
      <Filter>Header Files</Filter>
    </ClInclude>
    <ClInclude Include="PipeEditCtrl.h">
      <Filter>Header Files</Filter>
    </ClInclude>
    <ClInclude Include="PipeEditCtrl2.h">
      <Filter>Header Files</Filter>
    </ClInclude>
    <ClInclude Include="Polynomial.h">
      <Filter>Header Files</Filter>
    </ClInclude>
    <ClInclude Include="ReedTable.h">
      <Filter>Header Files</Filter>
    </ClInclude>
    <ClInclude Include="Resource.h">
      <Filter>Header Files</Filter>
    </ClInclude>
    <ClInclude Include="SBDestination.h">
      <Filter>Header Files</Filter>
    </ClInclude>
    <ClInclude Include="SpectrumPropPage.h">
      <Filter>Header Files</Filter>
    </ClInclude>
    <ClInclude Include="StdAfx.h">
      <Filter>Header Files</Filter>
    </ClInclude>
    <ClInclude Include="TKObject.h">
      <Filter>Header Files</Filter>
    </ClInclude>
    <ClInclude Include="ToneHoleFilter.h">
      <Filter>Header Files</Filter>
    </ClInclude>
    <ClInclude Include="ToneHoleJunction.h">
      <Filter>Header Files</Filter>
    </ClInclude>
    <ClInclude Include="TubeSection.h">
      <Filter>Header Files</Filter>
    </ClInclude>
    <ClInclude Include="TwoZero.h">
      <Filter>Header Files</Filter>
    </ClInclude>
    <ClInclude Include="WaveEditCtrl.h">
      <Filter>Header Files</Filter>
    </ClInclude>
    <ClInclude Include="WaveEditCtrlEx.h">
      <Filter>Header Files</Filter>
    </ClInclude>
    <ClInclude Include="WaveFormPropPage.h">
      <Filter>Header Files</Filter>
    </ClInclude>
    <ClInclude Include="WavFileOut.h">
      <Filter>Header Files</Filter>
    </ClInclude>
  </ItemGroup>
  <ItemGroup>
    <Image Include="res\GUI.ico">
      <Filter>Resource Files</Filter>
    </Image>
    <Image Include="res\s_unilog.bmp">
      <Filter>Resource Files</Filter>
    </Image>
    <Image Include="res\SetupWizard.ico">
      <Filter>Resource Files</Filter>
    </Image>
    <Image Include="res\tab.bmp">
      <Filter>Resource Files</Filter>
    </Image>
  </ItemGroup>
  <ItemGroup>
    <Text Include="ReadMe.txt" />
  </ItemGroup>
  <ItemGroup>
    <CustomBuild Include="res\GUI.rc2">
      <Filter>Resource Files</Filter>
    </CustomBuild>
    <CustomBuild Include="res\hand.cur">
      <Filter>Resource Files</Filter>
    </CustomBuild>
  </ItemGroup>
</Project>